
Microsoft Visual Studio Solution File, Format Version 12.00
Project("{FAE04EC0-301F-11D3-BF4B-00C04F79EFBC}") = "AvaloniaUIChampionProject", "AvaloniaUIChampionProject\AvaloniaUIChampionProject.csproj", "{BB035AB4-8A24-440C-8FED-BFF03C664E06}"
EndProject
Global
	GlobalSection(SolutionConfigurationPlatforms) = preSolution
		Debug|Any CPU = Debug|Any CPU
		Release|Any CPU = Release|Any CPU
	EndGlobalSection
	GlobalSection(ProjectConfigurationPlatforms) = postSolution
		{BB035AB4-8A24-440C-8FED-BFF03C664E06}.Debug|Any CPU.ActiveCfg = Debug|Any CPU
		{BB035AB4-8A24-440C-8FED-BFF03C664E06}.Debug|Any CPU.Build.0 = Debug|Any CPU
		{BB035AB4-8A24-440C-8FED-BFF03C664E06}.Release|Any CPU.ActiveCfg = Release|Any CPU
		{BB035AB4-8A24-440C-8FED-BFF03C664E06}.Release|Any CPU.Build.0 = Release|Any CPU
	EndGlobalSection
EndGlobal
